// !$*UTF8*$!
{
	archiveVersion = 1;
	classes = {
	};
	objectVersion = 48;
	objects = {

/* Begin PBXBuildFile section */
		D7064C9F205CD040003C9F69 /* AppDelegate.m in Sources */ = {isa = PBXBuildFile; fileRef = D7064C9E205CD040003C9F69 /* AppDelegate.m */; };
		D7064CA2205CD040003C9F69 /* ViewController.m in Sources */ = {isa = PBXBuildFile; fileRef = D7064CA1205CD040003C9F69 /* ViewController.m */; };
		D7064CA5205CD040003C9F69 /* Main.storyboard in Resources */ = {isa = PBXBuildFile; fileRef = D7064CA3205CD040003C9F69 /* Main.storyboard */; };
		D7064CA7205CD040003C9F69 /* Assets.xcassets in Resources */ = {isa = PBXBuildFile; fileRef = D7064CA6205CD040003C9F69 /* Assets.xcassets */; };
		D7064CAA205CD040003C9F69 /* LaunchScreen.storyboard in Resources */ = {isa = PBXBuildFile; fileRef = D7064CA8205CD040003C9F69 /* LaunchScreen.storyboard */; };
		D7064CAD205CD040003C9F69 /* main.m in Sources */ = {isa = PBXBuildFile; fileRef = D7064CAC205CD040003C9F69 /* main.m */; };
		D7064CB5205CDCE2003C9F69 /* MainViewController.m in Sources */ = {isa = PBXBuildFile; fileRef = D7064CB4205CDCE2003C9F69 /* MainViewController.m */; };
		D7064CB7205CE474003C9F69 /* header.jpeg in Resources */ = {isa = PBXBuildFile; fileRef = D7064CB6205CE474003C9F69 /* header.jpeg */; };
		D7064CBB205E04BF003C9F69 /* fingerprint.jpeg in Resources */ = {isa = PBXBuildFile; fileRef = D7064CBA205E04BE003C9F69 /* fingerprint.jpeg */; };
		D7064CBF205E092F003C9F69 /* MainViewModel.m in Sources */ = {isa = PBXBuildFile; fileRef = D7064CBE205E092F003C9F69 /* MainViewModel.m */; };
		D7064CC2205E097E003C9F69 /* Platform.m in Sources */ = {isa = PBXBuildFile; fileRef = D7064CC1205E097E003C9F69 /* Platform.m */; };
		D7064CCC205E1575003C9F69 /* PlatformCell.m in Sources */ = {isa = PBXBuildFile; fileRef = D7064CCA205E1575003C9F69 /* PlatformCell.m */; };
		D7064CCD205E1575003C9F69 /* PlatformCell.xib in Resources */ = {isa = PBXBuildFile; fileRef = D7064CCB205E1575003C9F69 /* PlatformCell.xib */; };
		D7064CD1205E19BC003C9F69 /* PlatformDetailViewController.m in Sources */ = {isa = PBXBuildFile; fileRef = D7064CCF205E19BC003C9F69 /* PlatformDetailViewController.m */; };
		D7064CD2205E19BC003C9F69 /* PlatformDetailViewController.xib in Resources */ = {isa = PBXBuildFile; fileRef = D7064CD0205E19BC003C9F69 /* PlatformDetailViewController.xib */; };
		D7064CD5205E7556003C9F69 /* WebViewController.m in Sources */ = {isa = PBXBuildFile; fileRef = D7064CD4205E7556003C9F69 /* WebViewController.m */; };
		D7393FC22068A6C800B263D9 /* NSString+HelpTools.m in Sources */ = {isa = PBXBuildFile; fileRef = D7393FC12068A6C800B263D9 /* NSString+HelpTools.m */; };
/* End PBXBuildFile section */

/* Begin PBXFileReference section */
		D7064C9A205CD040003C9F69 /* CodeBook.app */ = {isa = PBXFileReference; explicitFileType = wrapper.application; includeInIndex = 0; path = CodeBook.app; sourceTree = BUILT_PRODUCTS_DIR; };
		D7064C9D205CD040003C9F69 /* AppDelegate.h */ = {isa = PBXFileReference; lastKnownFileType = sourcecode.c.h; path = AppDelegate.h; sourceTree = "<group>"; };
		D7064C9E205CD040003C9F69 /* AppDelegate.m */ = {isa = PBXFileReference; lastKnownFileType = sourcecode.c.objc; path = AppDelegate.m; sourceTree = "<group>"; };
		D7064CA0205CD040003C9F69 /* ViewController.h */ = {isa = PBXFileReference; lastKnownFileType = sourcecode.c.h; path = ViewController.h; sourceTree = "<group>"; };
		D7064CA1205CD040003C9F69 /* ViewController.m */ = {isa = PBXFileReference; lastKnownFileType = sourcecode.c.objc; path = ViewController.m; sourceTree = "<group>"; };
		D7064CA4205CD040003C9F69 /* Base */ = {isa = PBXFileReference; lastKnownFileType = file.storyboard; name = Base; path = Base.lproj/Main.storyboard; sourceTree = "<group>"; };
		D7064CA6205CD040003C9F69 /* Assets.xcassets */ = {isa = PBXFileReference; lastKnownFileType = folder.assetcatalog; path = Assets.xcassets; sourceTree = "<group>"; };
		D7064CA9205CD040003C9F69 /* Base */ = {isa = PBXFileReference; lastKnownFileType = file.storyboard; name = Base; path = Base.lproj/LaunchScreen.storyboard; sourceTree = "<group>"; };
		D7064CAB205CD040003C9F69 /* Info.plist */ = {isa = PBXFileReference; lastKnownFileType = text.plist.xml; path = Info.plist; sourceTree = "<group>"; };
		D7064CAC205CD040003C9F69 /* main.m */ = {isa = PBXFileReference; lastKnownFileType = sourcecode.c.objc; path = main.m; sourceTree = "<group>"; };
		D7064CB3205CDCE2003C9F69 /* MainViewController.h */ = {isa = PBXFileReference; lastKnownFileType = sourcecode.c.h; path = MainViewController.h; sourceTree = "<group>"; };
		D7064CB4205CDCE2003C9F69 /* MainViewController.m */ = {isa = PBXFileReference; lastKnownFileType = sourcecode.c.objc; path = MainViewController.m; sourceTree = "<group>"; };
		D7064CB6205CE474003C9F69 /* header.jpeg */ = {isa = PBXFileReference; lastKnownFileType = image.jpeg; path = header.jpeg; sourceTree = "<group>"; };
		D7064CBA205E04BE003C9F69 /* fingerprint.jpeg */ = {isa = PBXFileReference; lastKnownFileType = image.jpeg; path = fingerprint.jpeg; sourceTree = "<group>"; };
		D7064CBD205E092F003C9F69 /* MainViewModel.h */ = {isa = PBXFileReference; lastKnownFileType = sourcecode.c.h; path = MainViewModel.h; sourceTree = "<group>"; };
		D7064CBE205E092F003C9F69 /* MainViewModel.m */ = {isa = PBXFileReference; lastKnownFileType = sourcecode.c.objc; path = MainViewModel.m; sourceTree = "<group>"; };
		D7064CC0205E097E003C9F69 /* Platform.h */ = {isa = PBXFileReference; lastKnownFileType = sourcecode.c.h; path = Platform.h; sourceTree = "<group>"; };
		D7064CC1205E097E003C9F69 /* Platform.m */ = {isa = PBXFileReference; lastKnownFileType = sourcecode.c.objc; path = Platform.m; sourceTree = "<group>"; };
		D7064CC9205E1575003C9F69 /* PlatformCell.h */ = {isa = PBXFileReference; lastKnownFileType = sourcecode.c.h; path = PlatformCell.h; sourceTree = "<group>"; };
		D7064CCA205E1575003C9F69 /* PlatformCell.m */ = {isa = PBXFileReference; lastKnownFileType = sourcecode.c.objc; path = PlatformCell.m; sourceTree = "<group>"; };
		D7064CCB205E1575003C9F69 /* PlatformCell.xib */ = {isa = PBXFileReference; lastKnownFileType = file.xib; path = PlatformCell.xib; sourceTree = "<group>"; };
		D7064CCE205E19BC003C9F69 /* PlatformDetailViewController.h */ = {isa = PBXFileReference; lastKnownFileType = sourcecode.c.h; path = PlatformDetailViewController.h; sourceTree = "<group>"; };
		D7064CCF205E19BC003C9F69 /* PlatformDetailViewController.m */ = {isa = PBXFileReference; lastKnownFileType = sourcecode.c.objc; path = PlatformDetailViewController.m; sourceTree = "<group>"; };
		D7064CD0205E19BC003C9F69 /* PlatformDetailViewController.xib */ = {isa = PBXFileReference; lastKnownFileType = file.xib; path = PlatformDetailViewController.xib; sourceTree = "<group>"; };
		D7064CD3205E7556003C9F69 /* WebViewController.h */ = {isa = PBXFileReference; lastKnownFileType = sourcecode.c.h; path = WebViewController.h; sourceTree = "<group>"; };
		D7064CD4205E7556003C9F69 /* WebViewController.m */ = {isa = PBXFileReference; lastKnownFileType = sourcecode.c.objc; path = WebViewController.m; sourceTree = "<group>"; };
		D7393FC02068A6C800B263D9 /* NSString+HelpTools.h */ = {isa = PBXFileReference; lastKnownFileType = sourcecode.c.h; path = "NSString+HelpTools.h"; sourceTree = "<group>"; };
		D7393FC12068A6C800B263D9 /* NSString+HelpTools.m */ = {isa = PBXFileReference; lastKnownFileType = sourcecode.c.objc; path = "NSString+HelpTools.m"; sourceTree = "<group>"; };
		D7393FC32068A8A600B263D9 /* CodeBookHeader.h */ = {isa = PBXFileReference; lastKnownFileType = sourcecode.c.h; path = CodeBookHeader.h; sourceTree = "<group>"; };
/* End PBXFileReference section */

/* Begin PBXFrameworksBuildPhase section */
		D7064C97205CD040003C9F69 /* Frameworks */ = {
			isa = PBXFrameworksBuildPhase;
			buildActionMask = 2147483647;
			files = (
			);
			runOnlyForDeploymentPostprocessing = 0;
		};
/* End PBXFrameworksBuildPhase section */

/* Begin PBXGroup section */
		D7064C91205CD040003C9F69 = {
			isa = PBXGroup;
			children = (
				D7064C9C205CD040003C9F69 /* CodeBook */,
				D7064C9B205CD040003C9F69 /* Products */,
			);
			sourceTree = "<group>";
		};
		D7064C9B205CD040003C9F69 /* Products */ = {
			isa = PBXGroup;
			children = (
				D7064C9A205CD040003C9F69 /* CodeBook.app */,
			);
			name = Products;
			sourceTree = "<group>";
		};
		D7064C9C205CD040003C9F69 /* CodeBook */ = {
			isa = PBXGroup;
			children = (
				D7064C9D205CD040003C9F69 /* AppDelegate.h */,
				D7064C9E205CD040003C9F69 /* AppDelegate.m */,
				D7064CA0205CD040003C9F69 /* ViewController.h */,
				D7064CA1205CD040003C9F69 /* ViewController.m */,
				D7064CB3205CDCE2003C9F69 /* MainViewController.h */,
				D7064CB4205CDCE2003C9F69 /* MainViewController.m */,
				D7064CC9205E1575003C9F69 /* PlatformCell.h */,
				D7064CCA205E1575003C9F69 /* PlatformCell.m */,
				D7064CCB205E1575003C9F69 /* PlatformCell.xib */,
				D7064CBD205E092F003C9F69 /* MainViewModel.h */,
				D7064CBE205E092F003C9F69 /* MainViewModel.m */,
				D7064CC0205E097E003C9F69 /* Platform.h */,
				D7064CC1205E097E003C9F69 /* Platform.m */,
				D7064CCE205E19BC003C9F69 /* PlatformDetailViewController.h */,
				D7064CCF205E19BC003C9F69 /* PlatformDetailViewController.m */,
				D7064CD0205E19BC003C9F69 /* PlatformDetailViewController.xib */,
				D7064CD3205E7556003C9F69 /* WebViewController.h */,
				D7064CD4205E7556003C9F69 /* WebViewController.m */,
				D7393FC02068A6C800B263D9 /* NSString+HelpTools.h */,
				D7393FC12068A6C800B263D9 /* NSString+HelpTools.m */,
				D7393FC32068A8A600B263D9 /* CodeBookHeader.h */,
				D7064CAB205CD040003C9F69 /* Info.plist */,
				D7064CBC205E08E7003C9F69 /* Resource */,
			);
			path = CodeBook;
			sourceTree = "<group>";
		};
		D7064CBC205E08E7003C9F69 /* Resource */ = {
			isa = PBXGroup;
			children = (
				D7064CA6205CD040003C9F69 /* Assets.xcassets */,
				D7064CA8205CD040003C9F69 /* LaunchScreen.storyboard */,
				D7064CAC205CD040003C9F69 /* main.m */,
				D7064CA3205CD040003C9F69 /* Main.storyboard */,
				D7064CB6205CE474003C9F69 /* header.jpeg */,
				D7064CBA205E04BE003C9F69 /* fingerprint.jpeg */,
			);
			path = Resource;
			sourceTree = "<group>";
		};
/* End PBXGroup section */

/* Begin PBXNativeTarget section */
		D7064C99205CD040003C9F69 /* CodeBook */ = {
			isa = PBXNativeTarget;
			buildConfigurationList = D7064CB0205CD040003C9F69 /* Build configuration list for PBXNativeTarget "CodeBook" */;
			buildPhases = (
				D7064C96205CD040003C9F69 /* Sources */,
				D7064C97205CD040003C9F69 /* Frameworks */,
				D7064C98205CD040003C9F69 /* Resources */,
			);
			buildRules = (
			);
			dependencies = (
			);
			name = CodeBook;
			productName = CodeBook;
			productReference = D7064C9A205CD040003C9F69 /* CodeBook.app */;
			productType = "com.apple.product-type.application";
		};
/* End PBXNativeTarget section */

/* Begin PBXProject section */
		D7064C92205CD040003C9F69 /* Project object */ = {
			isa = PBXProject;
			attributes = {
				LastUpgradeCheck = 0920;
				ORGANIZATIONNAME = lq;
				TargetAttributes = {
					D7064C99205CD040003C9F69 = {
						CreatedOnToolsVersion = 9.2;
						ProvisioningStyle = Automatic;
					};
				};
			};
			buildConfigurationList = D7064C95205CD040003C9F69 /* Build configuration list for PBXProject "CodeBook" */;
			compatibilityVersion = "Xcode 8.0";
			developmentRegion = en;
			hasScannedForEncodings = 0;
			knownRegions = (
				en,
				Base,
			);
			mainGroup = D7064C91205CD040003C9F69;
			productRefGroup = D7064C9B205CD040003C9F69 /* Products */;
			projectDirPath = "";
			projectRoot = "";
			targets = (
				D7064C99205CD040003C9F69 /* CodeBook */,
			);
		};
/* End PBXProject section */

/* Begin PBXResourcesBuildPhase section */
		D7064C98205CD040003C9F69 /* Resources */ = {
			isa = PBXResourcesBuildPhase;
			buildActionMask = 2147483647;
			files = (
				D7064CCD205E1575003C9F69 /* PlatformCell.xib in Resources */,
				D7064CD2205E19BC003C9F69 /* PlatformDetailViewController.xib in Resources */,
				D7064CAA205CD040003C9F69 /* LaunchScreen.storyboard in Resources */,
				D7064CA7205CD040003C9F69 /* Assets.xcassets in Resources */,
				D7064CB7205CE474003C9F69 /* header.jpeg in Resources */,
				D7064CA5205CD040003C9F69 /* Main.storyboard in Resources */,
				D7064CBB205E04BF003C9F69 /* fingerprint.jpeg in Resources */,
			);
			runOnlyForDeploymentPostprocessing = 0;
		};
/* End PBXResourcesBuildPhase section */

/* Begin PBXSourcesBuildPhase section */
		D7064C96205CD040003C9F69 /* Sources */ = {
			isa = PBXSourcesBuildPhase;
			buildActionMask = 2147483647;
			files = (
				D7064CD1205E19BC003C9F69 /* PlatformDetailViewController.m in Sources */,
				D7064CA2205CD040003C9F69 /* ViewController.m in Sources */,
				D7393FC22068A6C800B263D9 /* NSString+HelpTools.m in Sources */,
				D7064CAD205CD040003C9F69 /* main.m in Sources */,
				D7064C9F205CD040003C9F69 /* AppDelegate.m in Sources */,
				D7064CD5205E7556003C9F69 /* WebViewController.m in Sources */,
				D7064CCC205E1575003C9F69 /* PlatformCell.m in Sources */,
				D7064CBF205E092F003C9F69 /* MainViewModel.m in Sources */,
				D7064CC2205E097E003C9F69 /* Platform.m in Sources */,
				D7064CB5205CDCE2003C9F69 /* MainViewController.m in Sources */,
			);
			runOnlyForDeploymentPostprocessing = 0;
		};
/* End PBXSourcesBuildPhase section */

/* Begin PBXVariantGroup section */
		D7064CA3205CD040003C9F69 /* Main.storyboard */ = {
			isa = PBXVariantGroup;
			children = (
				D7064CA4205CD040003C9F69 /* Base */,
			);
			name = Main.storyboard;
			sourceTree = "<group>";
		};
		D7064CA8205CD040003C9F69 /* LaunchScreen.storyboard */ = {
			isa = PBXVariantGroup;
			children = (
				D7064CA9205CD040003C9F69 /* Base */,
			);
			name = LaunchScreen.storyboard;
			sourceTree = "<group>";
		};
/* End PBXVariantGroup section */

/* Begin XCBuildConfiguration section */
		D7064CAE205CD040003C9F69 /* Debug */ = {
			isa = XCBuildConfiguration;
			buildSettings = {
				ALWAYS_SEARCH_USER_PATHS = NO;
				CLANG_ANALYZER_NONNULL = YES;
				CLANG_ANALYZER_NUMBER_OBJECT_CONVERSION = YES_AGGRESSIVE;
				CLANG_CXX_LANGUAGE_STANDARD = "gnu++14";
				CLANG_CXX_LIBRARY = "libc++";
				CLANG_ENABLE_MODULES = YES;
				CLANG_ENABLE_OBJC_ARC = YES;
				CLANG_WARN_BLOCK_CAPTURE_AUTORELEASING = YES;
				CLANG_WARN_BOOL_CONVERSION = YES;
				CLANG_WARN_COMMA = YES;
				CLANG_WARN_CONSTANT_CONVERSION = YES;
				CLANG_WARN_DIRECT_OBJC_ISA_USAGE = YES_ERROR;
				CLANG_WARN_DOCUMENTATION_COMMENTS = YES;
				CLANG_WARN_EMPTY_BODY = YES;
				CLANG_WARN_ENUM_CONVERSION = YES;
				CLANG_WARN_INFINITE_RECURSION = YES;
				CLANG_WARN_INT_CONVERSION = YES;
				CLANG_WARN_NON_LITERAL_NULL_CONVERSION = YES;
				CLANG_WARN_OBJC_LITERAL_CONVERSION = YES;
				CLANG_WARN_OBJC_ROOT_CLASS = YES_ERROR;
				CLANG_WARN_RANGE_LOOP_ANALYSIS = YES;
				CLANG_WARN_STRICT_PROTOTYPES = YES;
				CLANG_WARN_SUSPICIOUS_MOVE = YES;
				CLANG_WARN_UNGUARDED_AVAILABILITY = YES_AGGRESSIVE;
				CLANG_WARN_UNREACHABLE_CODE = YES;
				CLANG_WARN__DUPLICATE_METHOD_MATCH = YES;
				CODE_SIGN_IDENTITY = "iPhone Developer";
				COPY_PHASE_STRIP = NO;
				DEBUG_INFORMATION_FORMAT = dwarf;
				ENABLE_STRICT_OBJC_MSGSEND = YES;
				ENABLE_TESTABILITY = YES;
				GCC_C_LANGUAGE_STANDARD = gnu11;
				GCC_DYNAMIC_NO_PIC = NO;
				GCC_NO_COMMON_BLOCKS = YES;
				GCC_OPTIMIZATION_LEVEL = 0;
				GCC_PREPROCESSOR_DEFINITIONS = (
					"DEBUG=1",
					"$(inherited)",
				);
				GCC_WARN_64_TO_32_BIT_CONVERSION = YES;
				GCC_WARN_ABOUT_RETURN_TYPE = YES_ERROR;
				GCC_WARN_UNDECLARED_SELECTOR = YES;
				GCC_WARN_UNINITIALIZED_AUTOS = YES_AGGRESSIVE;
				GCC_WARN_UNUSED_FUNCTION = YES;
				GCC_WARN_UNUSED_VARIABLE = YES;
				IPHONEOS_DEPLOYMENT_TARGET = 11.2;
				MTL_ENABLE_DEBUG_INFO = YES;
				ONLY_ACTIVE_ARCH = YES;
				SDKROOT = iphoneos;
			};
			name = Debug;
		};
		D7064CAF205CD040003C9F69 /* Release */ = {
			isa = XCBuildConfiguration;
			buildSettings = {
				ALWAYS_SEARCH_USER_PATHS = NO;
				CLANG_ANALYZER_NONNULL = YES;
				CLANG_ANALYZER_NUMBER_OBJECT_CONVERSION = YES_AGGRESSIVE;
				CLANG_CXX_LANGUAGE_STANDARD = "gnu++14";
				CLANG_CXX_LIBRARY = "libc++";
				CLANG_ENABLE_MODULES = YES;
				CLANG_ENABLE_OBJC_ARC = YES;
				CLANG_WARN_BLOCK_CAPTURE_AUTORELEASING = YES;
				CLANG_WARN_BOOL_CONVERSION = YES;
				CLANG_WARN_COMMA = YES;
				CLANG_WARN_CONSTANT_CONVERSION = YES;
				CLANG_WARN_DIRECT_OBJC_ISA_USAGE = YES_ERROR;
				CLANG_WARN_DOCUMENTATION_COMMENTS = YES;
				CLANG_WARN_EMPTY_BODY = YES;
				CLANG_WARN_ENUM_CONVERSION = YES;
				CLANG_WARN_INFINITE_RECURSION = YES;
				CLANG_WARN_INT_CONVERSION = YES;
				CLANG_WARN_NON_LITERAL_NULL_CONVERSION = YES;
				CLANG_WARN_OBJC_LITERAL_CONVERSION = YES;
				CLANG_WARN_OBJC_ROOT_CLASS = YES_ERROR;
				CLANG_WARN_RANGE_LOOP_ANALYSIS = YES;
				CLANG_WARN_STRICT_PROTOTYPES = YES;
				CLANG_WARN_SUSPICIOUS_MOVE = YES;
				CLANG_WARN_UNGUARDED_AVAILABILITY = YES_AGGRESSIVE;
				CLANG_WARN_UNREACHABLE_CODE = YES;
				CLANG_WARN__DUPLICATE_METHOD_MATCH = YES;
				CODE_SIGN_IDENTITY = "iPhone Developer";
				COPY_PHASE_STRIP = NO;
				DEBUG_INFORMATION_FORMAT = "dwarf-with-dsym";
				ENABLE_NS_ASSERTIONS = NO;
				ENABLE_STRICT_OBJC_MSGSEND = YES;
				GCC_C_LANGUAGE_STANDARD = gnu11;
				GCC_NO_COMMON_BLOCKS = YES;
				GCC_WARN_64_TO_32_BIT_CONVERSION = YES;
				GCC_WARN_ABOUT_RETURN_TYPE = YES_ERROR;
				GCC_WARN_UNDECLARED_SELECTOR = YES;
				GCC_WARN_UNINITIALIZED_AUTOS = YES_AGGRESSIVE;
				GCC_WARN_UNUSED_FUNCTION = YES;
				GCC_WARN_UNUSED_VARIABLE = YES;
				IPHONEOS_DEPLOYMENT_TARGET = 11.2;
				MTL_ENABLE_DEBUG_INFO = NO;
				SDKROOT = iphoneos;
				VALIDATE_PRODUCT = YES;
			};
			name = Release;
		};
		D7064CB1205CD040003C9F69 /* Debug */ = {
			isa = XCBuildConfiguration;
			buildSettings = {
				ASSETCATALOG_COMPILER_APPICON_NAME = AppIcon;
				CODE_SIGN_STYLE = Automatic;
				DEVELOPMENT_TEAM = VBZVC8J45W;
				INFOPLIST_FILE = CodeBook/Info.plist;
				IPHONEOS_DEPLOYMENT_TARGET = 11.0;
				LD_RUNPATH_SEARCH_PATHS = "$(inherited) @executable_path/Frameworks";
				PRODUCT_BUNDLE_IDENTIFIER = com..CodeBook;
				PRODUCT_NAME = "$(TARGET_NAME)";
				TARGETED_DEVICE_FAMILY = 1;
			};
			name = Debug;
		};
		D7064CB2205CD040003C9F69 /* Release */ = {
			isa = XCBuildConfiguration;
			buildSettings = {
				ASSETCATALOG_COMPILER_APPICON_NAME = AppIcon;
				CODE_SIGN_STYLE = Automatic;
				DEVELOPMENT_TEAM = VBZVC8J45W;
				INFOPLIST_FILE = CodeBook/Info.plist;
				IPHONEOS_DEPLOYMENT_TARGET = 11.0;
				LD_RUNPATH_SEARCH_PATHS = "$(inherited) @executable_path/Frameworks";
				PRODUCT_BUNDLE_IDENTIFIER = com..CodeBook;
				PRODUCT_NAME = "$(TARGET_NAME)";
				TARGETED_DEVICE_FAMILY = 1;
			};
			name = Release;
		};
/* End XCBuildConfiguration section */

/* Begin XCConfigurationList section */
		D7064C95205CD040003C9F69 /* Build configuration list for PBXProject "CodeBook" */ = {
			isa = XCConfigurationList;
			buildConfigurations = (
				D7064CAE205CD040003C9F69 /* Debug */,
				D7064CAF205CD040003C9F69 /* Release */,
			);
			defaultConfigurationIsVisible = 0;
			defaultConfigurationName = Release;
		};
		D7064CB0205CD040003C9F69 /* Build configuration list for PBXNativeTarget "CodeBook" */ = {
			isa = XCConfigurationList;
			buildConfigurations = (
				D7064CB1205CD040003C9F69 /* Debug */,
				D7064CB2205CD040003C9F69 /* Release */,
			);
			defaultConfigurationIsVisible = 0;
			defaultConfigurationName = Release;
		};
/* End XCConfigurationList section */
	};
	rootObject = D7064C92205CD040003C9F69 /* Project object */;
}
